
Microsoft Visual Studio Solution File, Format Version 12.00
# Visual Studio Version 17
VisualStudioVersion = 17.0.31919.166
MinimumVisualStudioVersion = 10.0.40219.1
Project("{9A19103F-16F7-4668-BE54-9A1E7A4F7556}") = "Music Preview", "Music Preview\Music Preview.csproj", "{C43772F7-5C5D-406E-8882-12F5595C4059}"
EndProject
Project("{FAE04EC0-301F-11D3-BF4B-00C04F79EFBC}") = "MusicPreview.Model", "MusicPreview.Model\MusicPreview.Model.csproj", "{6E8FE5E0-C1D7-4B05-97D6-E0217D129B96}"
EndProject
Project("{FAE04EC0-301F-11D3-BF4B-00C04F79EFBC}") = "MusicPreview.Controler", "MusicPreview.Controler\MusicPreview.Controler.csproj", "{FC5604E8-D671-429A-A432-4DDAE61F4E33}"
EndProject
Global
	GlobalSection(SolutionConfigurationPlatforms) = preSolution
		Debug|Any CPU = Debug|Any CPU
		Release|Any CPU = Release|Any CPU
	EndGlobalSection
	GlobalSection(ProjectConfigurationPlatforms) = postSolution
		{C43772F7-5C5D-406E-8882-12F5595C4059}.Debug|Any CPU.ActiveCfg = Debug|Any CPU
		{C43772F7-5C5D-406E-8882-12F5595C4059}.Debug|Any CPU.Build.0 = Debug|Any CPU
		{C43772F7-5C5D-406E-8882-12F5595C4059}.Release|Any CPU.ActiveCfg = Release|Any CPU
		{C43772F7-5C5D-406E-8882-12F5595C4059}.Release|Any CPU.Build.0 = Release|Any CPU
		{6E8FE5E0-C1D7-4B05-97D6-E0217D129B96}.Debug|Any CPU.ActiveCfg = Debug|Any CPU
		{6E8FE5E0-C1D7-4B05-97D6-E0217D129B96}.Debug|Any CPU.Build.0 = Debug|Any CPU
		{6E8FE5E0-C1D7-4B05-97D6-E0217D129B96}.Release|Any CPU.ActiveCfg = Release|Any CPU
		{6E8FE5E0-C1D7-4B05-97D6-E0217D129B96}.Release|Any CPU.Build.0 = Release|Any CPU
		{FC5604E8-D671-429A-A432-4DDAE61F4E33}.Debug|Any CPU.ActiveCfg = Debug|Any CPU
		{FC5604E8-D671-429A-A432-4DDAE61F4E33}.Debug|Any CPU.Build.0 = Debug|Any CPU
		{FC5604E8-D671-429A-A432-4DDAE61F4E33}.Release|Any CPU.ActiveCfg = Release|Any CPU
		{FC5604E8-D671-429A-A432-4DDAE61F4E33}.Release|Any CPU.Build.0 = Release|Any CPU
	EndGlobalSection
	GlobalSection(SolutionProperties) = preSolution
		HideSolutionNode = FALSE
	EndGlobalSection
	GlobalSection(ExtensibilityGlobals) = postSolution
		SolutionGuid = {9051A987-D7D3-446B-BA85-371A1306C891}
	EndGlobalSection
EndGlobal
